// !$*UTF8*$!
{
	archiveVersion = 1;
	classes = {
	};
	objectVersion = 46;
	objects = {

/* Begin PBXBuildFile section */
		376BE456199419A6003B3131 /* AppDelegate.swift in Sources */ = {isa = PBXBuildFile; fileRef = 376BE455199419A6003B3131 /* AppDelegate.swift */; };
		376BE458199419A6003B3131 /* ViewController.swift in Sources */ = {isa = PBXBuildFile; fileRef = 376BE457199419A6003B3131 /* ViewController.swift */; };
		376BE45B199419A6003B3131 /* Main.storyboard in Resources */ = {isa = PBXBuildFile; fileRef = 376BE459199419A6003B3131 /* Main.storyboard */; };
		376BE45D199419A6003B3131 /* Images.xcassets in Resources */ = {isa = PBXBuildFile; fileRef = 376BE45C199419A6003B3131 /* Images.xcassets */; };
		376BE469199419A6003B3131 /* PecanTests.swift in Sources */ = {isa = PBXBuildFile; fileRef = 376BE468199419A6003B3131 /* PecanTests.swift */; };
/* End PBXBuildFile section */

/* Begin PBXContainerItemProxy section */
		376BE463199419A6003B3131 /* PBXContainerItemProxy */ = {
			isa = PBXContainerItemProxy;
			containerPortal = 376BE448199419A5003B3131 /* Project object */;
			proxyType = 1;
			remoteGlobalIDString = 376BE44F199419A5003B3131;
			remoteInfo = Pecan;
		};
/* End PBXContainerItemProxy section */

/* Begin PBXFileReference section */
		376BE450199419A6003B3131 /* Pecan.app */ = {isa = PBXFileReference; explicitFileType = wrapper.application; includeInIndex = 0; path = Pecan.app; sourceTree = BUILT_PRODUCTS_DIR; };
		376BE454199419A6003B3131 /* Info.plist */ = {isa = PBXFileReference; lastKnownFileType = text.plist.xml; path = Info.plist; sourceTree = "<group>"; };
		376BE455199419A6003B3131 /* AppDelegate.swift */ = {isa = PBXFileReference; lastKnownFileType = sourcecode.swift; path = AppDelegate.swift; sourceTree = "<group>"; };
		376BE457199419A6003B3131 /* ViewController.swift */ = {isa = PBXFileReference; lastKnownFileType = sourcecode.swift; path = ViewController.swift; sourceTree = "<group>"; };
		376BE45A199419A6003B3131 /* Base */ = {isa = PBXFileReference; lastKnownFileType = file.storyboard; name = Base; path = Base.lproj/Main.storyboard; sourceTree = "<group>"; };
		376BE45C199419A6003B3131 /* Images.xcassets */ = {isa = PBXFileReference; lastKnownFileType = folder.assetcatalog; path = Images.xcassets; sourceTree = "<group>"; };
		376BE462199419A6003B3131 /* PecanTests.xctest */ = {isa = PBXFileReference; explicitFileType = wrapper.cfbundle; includeInIndex = 0; path = PecanTests.xctest; sourceTree = BUILT_PRODUCTS_DIR; };
		376BE467199419A6003B3131 /* Info.plist */ = {isa = PBXFileReference; lastKnownFileType = text.plist.xml; path = Info.plist; sourceTree = "<group>"; };
		376BE468199419A6003B3131 /* PecanTests.swift */ = {isa = PBXFileReference; lastKnownFileType = sourcecode.swift; path = PecanTests.swift; sourceTree = "<group>"; };
/* End PBXFileReference section */

/* Begin PBXFrameworksBuildPhase section */
		376BE44D199419A5003B3131 /* Frameworks */ = {
			isa = PBXFrameworksBuildPhase;
			buildActionMask = 2147483647;
			files = (
			);
			runOnlyForDeploymentPostprocessing = 0;
		};
		376BE45F199419A6003B3131 /* Frameworks */ = {
			isa = PBXFrameworksBuildPhase;
			buildActionMask = 2147483647;
			files = (
			);
			runOnlyForDeploymentPostprocessing = 0;
		};
/* End PBXFrameworksBuildPhase section */

/* Begin PBXGroup section */
		376BE447199419A5003B3131 = {
			isa = PBXGroup;
			children = (
				376BE452199419A6003B3131 /* Pecan */,
				376BE465199419A6003B3131 /* PecanTests */,
				376BE451199419A6003B3131 /* Products */,
			);
			sourceTree = "<group>";
		};
		376BE451199419A6003B3131 /* Products */ = {
			isa = PBXGroup;
			children = (
				376BE450199419A6003B3131 /* Pecan.app */,
				376BE462199419A6003B3131 /* PecanTests.xctest */,
			);
			name = Products;
			sourceTree = "<group>";
		};
		376BE452199419A6003B3131 /* Pecan */ = {
			isa = PBXGroup;
			children = (
				376BE455199419A6003B3131 /* AppDelegate.swift */,
				376BE457199419A6003B3131 /* ViewController.swift */,
				376BE459199419A6003B3131 /* Main.storyboard */,
				376BE45C199419A6003B3131 /* Images.xcassets */,
				376BE453199419A6003B3131 /* Supporting Files */,
			);
			path = Pecan;
			sourceTree = "<group>";
		};
		376BE453199419A6003B3131 /* Supporting Files */ = {
			isa = PBXGroup;
			children = (
				376BE454199419A6003B3131 /* Info.plist */,
			);
			name = "Supporting Files";
			sourceTree = "<group>";
		};
		376BE465199419A6003B3131 /* PecanTests */ = {
			isa = PBXGroup;
			children = (
				376BE468199419A6003B3131 /* PecanTests.swift */,
				376BE466199419A6003B3131 /* Supporting Files */,
			);
			path = PecanTests;
			sourceTree = "<group>";
		};
		376BE466199419A6003B3131 /* Supporting Files */ = {
			isa = PBXGroup;
			children = (
				376BE467199419A6003B3131 /* Info.plist */,
			);
			name = "Supporting Files";
			sourceTree = "<group>";
		};
/* End PBXGroup section */

/* Begin PBXNativeTarget section */
		376BE44F199419A5003B3131 /* Pecan */ = {
			isa = PBXNativeTarget;
			buildConfigurationList = 376BE46C199419A6003B3131 /* Build configuration list for PBXNativeTarget "Pecan" */;
			buildPhases = (
				376BE44C199419A5003B3131 /* Sources */,
				376BE44D199419A5003B3131 /* Frameworks */,
				376BE44E199419A5003B3131 /* Resources */,
			);
			buildRules = (
			);
			dependencies = (
			);
			name = Pecan;
			productName = Pecan;
			productReference = 376BE450199419A6003B3131 /* Pecan.app */;
			productType = "com.apple.product-type.application";
		};
		376BE461199419A6003B3131 /* PecanTests */ = {
			isa = PBXNativeTarget;
			buildConfigurationList = 376BE46F199419A6003B3131 /* Build configuration list for PBXNativeTarget "PecanTests" */;
			buildPhases = (
				376BE45E199419A6003B3131 /* Sources */,
				376BE45F199419A6003B3131 /* Frameworks */,
				376BE460199419A6003B3131 /* Resources */,
			);
			buildRules = (
			);
			dependencies = (
				376BE464199419A6003B3131 /* PBXTargetDependency */,
			);
			name = PecanTests;
			productName = PecanTests;
			productReference = 376BE462199419A6003B3131 /* PecanTests.xctest */;
			productType = "com.apple.product-type.bundle.unit-test";
		};
/* End PBXNativeTarget section */

/* Begin PBXProject section */
		376BE448199419A5003B3131 /* Project object */ = {
			isa = PBXProject;
			attributes = {
				LastUpgradeCheck = 0600;
				ORGANIZATIONNAME = "Dan Williams";
				TargetAttributes = {
					376BE44F199419A5003B3131 = {
						CreatedOnToolsVersion = 6.0;
					};
					376BE461199419A6003B3131 = {
						CreatedOnToolsVersion = 6.0;
						TestTargetID = 376BE44F199419A5003B3131;
					};
				};
			};
			buildConfigurationList = 376BE44B199419A5003B3131 /* Build configuration list for PBXProject "Pecan" */;
			compatibilityVersion = "Xcode 3.2";
			developmentRegion = English;
			hasScannedForEncodings = 0;
			knownRegions = (
				en,
				Base,
			);
			mainGroup = 376BE447199419A5003B3131;
			productRefGroup = 376BE451199419A6003B3131 /* Products */;
			projectDirPath = "";
			projectRoot = "";
			targets = (
				376BE44F199419A5003B3131 /* Pecan */,
				376BE461199419A6003B3131 /* PecanTests */,
			);
		};
/* End PBXProject section */

/* Begin PBXResourcesBuildPhase section */
		376BE44E199419A5003B3131 /* Resources */ = {
			isa = PBXResourcesBuildPhase;
			buildActionMask = 2147483647;
			files = (
				376BE45B199419A6003B3131 /* Main.storyboard in Resources */,
				376BE45D199419A6003B3131 /* Images.xcassets in Resources */,
			);
			runOnlyForDeploymentPostprocessing = 0;
		};
		376BE460199419A6003B3131 /* Resources */ = {
			isa = PBXResourcesBuildPhase;
			buildActionMask = 2147483647;
			files = (
			);
			runOnlyForDeploymentPostprocessing = 0;
		};
/* End PBXResourcesBuildPhase section */

/* Begin PBXSourcesBuildPhase section */
		376BE44C199419A5003B3131 /* Sources */ = {
			isa = PBXSourcesBuildPhase;
			buildActionMask = 2147483647;
			files = (
				376BE458199419A6003B3131 /* ViewController.swift in Sources */,
				376BE456199419A6003B3131 /* AppDelegate.swift in Sources */,
			);
			runOnlyForDeploymentPostprocessing = 0;
		};
		376BE45E199419A6003B3131 /* Sources */ = {
			isa = PBXSourcesBuildPhase;
			buildActionMask = 2147483647;
			files = (
				376BE469199419A6003B3131 /* PecanTests.swift in Sources */,
			);
			runOnlyForDeploymentPostprocessing = 0;
		};
/* End PBXSourcesBuildPhase section */

/* Begin PBXTargetDependency section */
		376BE464199419A6003B3131 /* PBXTargetDependency */ = {
			isa = PBXTargetDependency;
			target = 376BE44F199419A5003B3131 /* Pecan */;
			targetProxy = 376BE463199419A6003B3131 /* PBXContainerItemProxy */;
		};
/* End PBXTargetDependency section */

/* Begin PBXVariantGroup section */
		376BE459199419A6003B3131 /* Main.storyboard */ = {
			isa = PBXVariantGroup;
			children = (
				376BE45A199419A6003B3131 /* Base */,
			);
			name = Main.storyboard;
			sourceTree = "<group>";
		};
/* End PBXVariantGroup section */

/* Begin XCBuildConfiguration section */
		376BE46A199419A6003B3131 /* Debug */ = {
			isa = XCBuildConfiguration;
			buildSettings = {
				ALWAYS_SEARCH_USER_PATHS = NO;
				CLANG_CXX_LANGUAGE_STANDARD = "gnu++0x";
				CLANG_CXX_LIBRARY = "libc++";
				CLANG_ENABLE_MODULES = YES;
				CLANG_ENABLE_OBJC_ARC = YES;
				CLANG_WARN_BOOL_CONVERSION = YES;
				CLANG_WARN_CONSTANT_CONVERSION = YES;
				CLANG_WARN_DIRECT_OBJC_ISA_USAGE = YES_ERROR;
				CLANG_WARN_EMPTY_BODY = YES;
				CLANG_WARN_ENUM_CONVERSION = YES;
				CLANG_WARN_INT_CONVERSION = YES;
				CLANG_WARN_OBJC_ROOT_CLASS = YES_ERROR;
				CLANG_WARN_UNREACHABLE_CODE = YES;
				CLANG_WARN__DUPLICATE_METHOD_MATCH = YES;
				"CODE_SIGN_IDENTITY[sdk=iphoneos*]" = "iPhone Developer";
				COPY_PHASE_STRIP = NO;
				ENABLE_STRICT_OBJC_MSGSEND = YES;
				GCC_C_LANGUAGE_STANDARD = gnu99;
				GCC_DYNAMIC_NO_PIC = NO;
				GCC_OPTIMIZATION_LEVEL = 0;
				GCC_PREPROCESSOR_DEFINITIONS = (
					"DEBUG=1",
					"$(inherited)",
				);
				GCC_SYMBOLS_PRIVATE_EXTERN = NO;
				GCC_WARN_64_TO_32_BIT_CONVERSION = YES;
				GCC_WARN_ABOUT_RETURN_TYPE = YES_ERROR;
				GCC_WARN_UNDECLARED_SELECTOR = YES;
				GCC_WARN_UNINITIALIZED_AUTOS = YES_AGGRESSIVE;
				GCC_WARN_UNUSED_FUNCTION = YES;
				GCC_WARN_UNUSED_VARIABLE = YES;
				IPHONEOS_DEPLOYMENT_TARGET = 8.0;
				MTL_ENABLE_DEBUG_INFO = YES;
				ONLY_ACTIVE_ARCH = YES;
				SDKROOT = iphoneos;
				SWIFT_OPTIMIZATION_LEVEL = "-Onone";
			};
			name = Debug;
		};
		376BE46B199419A6003B3131 /* Release */ = {
			isa = XCBuildConfiguration;
			buildSettings = {
				ALWAYS_SEARCH_USER_PATHS = NO;
				CLANG_CXX_LANGUAGE_STANDARD = "gnu++0x";
				CLANG_CXX_LIBRARY = "libc++";
				CLANG_ENABLE_MODULES = YES;
				CLANG_ENABLE_OBJC_ARC = YES;
				CLANG_WARN_BOOL_CONVERSION = YES;
				CLANG_WARN_CONSTANT_CONVERSION = YES;
				CLANG_WARN_DIRECT_OBJC_ISA_USAGE = YES_ERROR;
				CLANG_WARN_EMPTY_BODY = YES;
				CLANG_WARN_ENUM_CONVERSION = YES;
				CLANG_WARN_INT_CONVERSION = YES;
				CLANG_WARN_OBJC_ROOT_CLASS = YES_ERROR;
				CLANG_WARN_UNREACHABLE_CODE = YES;
				CLANG_WARN__DUPLICATE_METHOD_MATCH = YES;
				"CODE_SIGN_IDENTITY[sdk=iphoneos*]" = "iPhone Developer";
				COPY_PHASE_STRIP = YES;
				ENABLE_NS_ASSERTIONS = NO;
				ENABLE_STRICT_OBJC_MSGSEND = YES;
				GCC_C_LANGUAGE_STANDARD = gnu99;
				GCC_WARN_64_TO_32_BIT_CONVERSION = YES;
				GCC_WARN_ABOUT_RETURN_TYPE = YES_ERROR;
				GCC_WARN_UNDECLARED_SELECTOR = YES;
				GCC_WARN_UNINITIALIZED_AUTOS = YES_AGGRESSIVE;
				GCC_WARN_UNUSED_FUNCTION = YES;
				GCC_WARN_UNUSED_VARIABLE = YES;
				IPHONEOS_DEPLOYMENT_TARGET = 8.0;
				MTL_ENABLE_DEBUG_INFO = NO;
				SDKROOT = iphoneos;
				VALIDATE_PRODUCT = YES;
			};
			name = Release;
		};
		376BE46D199419A6003B3131 /* Debug */ = {
			isa = XCBuildConfiguration;
			buildSettings = {
				ASSETCATALOG_COMPILER_APPICON_NAME = AppIcon;
				ASSETCATALOG_COMPILER_LAUNCHIMAGE_NAME = LaunchImage;
				INFOPLIST_FILE = Pecan/Info.plist;
				LD_RUNPATH_SEARCH_PATHS = "$(inherited) @executable_path/Frameworks";
				PRODUCT_NAME = "$(TARGET_NAME)";
			};
			name = Debug;
		};
		376BE46E199419A6003B3131 /* Release */ = {
			isa = XCBuildConfiguration;
			buildSettings = {
				ASSETCATALOG_COMPILER_APPICON_NAME = AppIcon;
				ASSETCATALOG_COMPILER_LAUNCHIMAGE_NAME = LaunchImage;
				INFOPLIST_FILE = Pecan/Info.plist;
				LD_RUNPATH_SEARCH_PATHS = "$(inherited) @executable_path/Frameworks";
				PRODUCT_NAME = "$(TARGET_NAME)";
			};
			name = Release;
		};
		376BE470199419A6003B3131 /* Debug */ = {
			isa = XCBuildConfiguration;
			buildSettings = {
				BUNDLE_LOADER = "$(TEST_HOST)";
				FRAMEWORK_SEARCH_PATHS = (
					"$(SDKROOT)/Developer/Library/Frameworks",
					"$(inherited)",
				);
				GCC_PREPROCESSOR_DEFINITIONS = (
					"DEBUG=1",
					"$(inherited)",
				);
				INFOPLIST_FILE = PecanTests/Info.plist;
				LD_RUNPATH_SEARCH_PATHS = "$(inherited) @executable_path/Frameworks @loader_path/Frameworks";
				PRODUCT_NAME = "$(TARGET_NAME)";
				TEST_HOST = "$(BUILT_PRODUCTS_DIR)/Pecan.app/Pecan";
			};
			name = Debug;
		};
		376BE471199419A6003B3131 /* Release */ = {
			isa = XCBuildConfiguration;
			buildSettings = {
				BUNDLE_LOADER = "$(TEST_HOST)";
				FRAMEWORK_SEARCH_PATHS = (
					"$(SDKROOT)/Developer/Library/Frameworks",
					"$(inherited)",
				);
				INFOPLIST_FILE = PecanTests/Info.plist;
				LD_RUNPATH_SEARCH_PATHS = "$(inherited) @executable_path/Frameworks @loader_path/Frameworks";
				PRODUCT_NAME = "$(TARGET_NAME)";
				TEST_HOST = "$(BUILT_PRODUCTS_DIR)/Pecan.app/Pecan";
			};
			name = Release;
		};
/* End XCBuildConfiguration section */

/* Begin XCConfigurationList section */
		376BE44B199419A5003B3131 /* Build configuration list for PBXProject "Pecan" */ = {
			isa = XCConfigurationList;
			buildConfigurations = (
				376BE46A199419A6003B3131 /* Debug */,
				376BE46B199419A6003B3131 /* Release */,
			);
			defaultConfigurationIsVisible = 0;
			defaultConfigurationName = Release;
		};
		376BE46C199419A6003B3131 /* Build configuration list for PBXNativeTarget "Pecan" */ = {
			isa = XCConfigurationList;
			buildConfigurations = (
				376BE46D199419A6003B3131 /* Debug */,
				376BE46E199419A6003B3131 /* Release */,
			);
			defaultConfigurationIsVisible = 0;
		};
		376BE46F199419A6003B3131 /* Build configuration list for PBXNativeTarget "PecanTests" */ = {
			isa = XCConfigurationList;
			buildConfigurations = (
				376BE470199419A6003B3131 /* Debug */,
				376BE471199419A6003B3131 /* Release */,
			);
			defaultConfigurationIsVisible = 0;
		};
/* End XCConfigurationList section */
	};
	rootObject = 376BE448199419A5003B3131 /* Project object */;
}
