// !$*UTF8*$!
{
	archiveVersion = 1;
	classes = {
	};
	objectVersion = 46;
	objects = {

/* Begin PBXBuildFile section */
		09DFE11D304E4600BCABC6C9 /* libPods.a in Frameworks */ = {isa = PBXBuildFile; fileRef = 19EC04C4012745489B2314FB /* libPods.a */; };
		376BE469199419A6003B3131 /* PecanTests.swift in Sources */ = {isa = PBXBuildFile; fileRef = 376BE468199419A6003B3131 /* PecanTests.swift */; };
		376BE47819941A3F003B3131 /* Images.xcassets in Resources */ = {isa = PBXBuildFile; fileRef = 376BE47319941A3F003B3131 /* Images.xcassets */; };
		376BE47919941A3F003B3131 /* AppDelegate.swift in Sources */ = {isa = PBXBuildFile; fileRef = 376BE47619941A3F003B3131 /* AppDelegate.swift */; };
		376BE47D19941A84003B3131 /* BaseViewController.swift in Sources */ = {isa = PBXBuildFile; fileRef = 376BE47C19941A84003B3131 /* BaseViewController.swift */; };
		376BE47F19941A96003B3131 /* BaseTableViewController.swift in Sources */ = {isa = PBXBuildFile; fileRef = 376BE47E19941A96003B3131 /* BaseTableViewController.swift */; };
		376BE48119941ABB003B3131 /* WelcomeViewController.swift in Sources */ = {isa = PBXBuildFile; fileRef = 376BE48019941ABB003B3131 /* WelcomeViewController.swift */; };
		376BE48519941C3C003B3131 /* WelcomeTableViewHeaderView.swift in Sources */ = {isa = PBXBuildFile; fileRef = 376BE48419941C3C003B3131 /* WelcomeTableViewHeaderView.swift */; };
		376BE489199420F2003B3131 /* ArrayDataSource.swift in Sources */ = {isa = PBXBuildFile; fileRef = 376BE488199420F2003B3131 /* ArrayDataSource.swift */; };
		376BE48C19942A5A003B3131 /* UIColorExtension.swift in Sources */ = {isa = PBXBuildFile; fileRef = 376BE48B19942A5A003B3131 /* UIColorExtension.swift */; };
		376BE48F1994A592003B3131 /* RegisterViewController.swift in Sources */ = {isa = PBXBuildFile; fileRef = 376BE48E1994A592003B3131 /* RegisterViewController.swift */; };
		37EF39B61995F2CE00210578 /* BaseTableViewCell.swift in Sources */ = {isa = PBXBuildFile; fileRef = 37EF39B51995F2CE00210578 /* BaseTableViewCell.swift */; };
		37EF39B81995F41300210578 /* TextEntryCell.swift in Sources */ = {isa = PBXBuildFile; fileRef = 37EF39B71995F41300210578 /* TextEntryCell.swift */; };
		37EF39BA1997913F00210578 /* LoginViewController.swift in Sources */ = {isa = PBXBuildFile; fileRef = 37EF39B91997913F00210578 /* LoginViewController.swift */; };
/* End PBXBuildFile section */

/* Begin PBXContainerItemProxy section */
		376BE463199419A6003B3131 /* PBXContainerItemProxy */ = {
			isa = PBXContainerItemProxy;
			containerPortal = 376BE448199419A5003B3131 /* Project object */;
			proxyType = 1;
			remoteGlobalIDString = 376BE44F199419A5003B3131;
			remoteInfo = Pecan;
		};
/* End PBXContainerItemProxy section */

/* Begin PBXFileReference section */
		19EC04C4012745489B2314FB /* libPods.a */ = {isa = PBXFileReference; explicitFileType = archive.ar; includeInIndex = 0; path = libPods.a; sourceTree = BUILT_PRODUCTS_DIR; };
		376BE450199419A6003B3131 /* Pecan.app */ = {isa = PBXFileReference; explicitFileType = wrapper.application; includeInIndex = 0; path = Pecan.app; sourceTree = BUILT_PRODUCTS_DIR; };
		376BE454199419A6003B3131 /* Info.plist */ = {isa = PBXFileReference; lastKnownFileType = text.plist.xml; path = Info.plist; sourceTree = "<group>"; };
		376BE462199419A6003B3131 /* PecanTests.xctest */ = {isa = PBXFileReference; explicitFileType = wrapper.cfbundle; includeInIndex = 0; path = PecanTests.xctest; sourceTree = BUILT_PRODUCTS_DIR; };
		376BE467199419A6003B3131 /* Info.plist */ = {isa = PBXFileReference; lastKnownFileType = text.plist.xml; path = Info.plist; sourceTree = "<group>"; };
		376BE468199419A6003B3131 /* PecanTests.swift */ = {isa = PBXFileReference; lastKnownFileType = sourcecode.swift; path = PecanTests.swift; sourceTree = "<group>"; };
		376BE47319941A3F003B3131 /* Images.xcassets */ = {isa = PBXFileReference; lastKnownFileType = folder.assetcatalog; path = Images.xcassets; sourceTree = "<group>"; };
		376BE47619941A3F003B3131 /* AppDelegate.swift */ = {isa = PBXFileReference; fileEncoding = 4; lastKnownFileType = sourcecode.swift; path = AppDelegate.swift; sourceTree = "<group>"; };
		376BE47C19941A84003B3131 /* BaseViewController.swift */ = {isa = PBXFileReference; fileEncoding = 4; lastKnownFileType = sourcecode.swift; path = BaseViewController.swift; sourceTree = "<group>"; };
		376BE47E19941A96003B3131 /* BaseTableViewController.swift */ = {isa = PBXFileReference; fileEncoding = 4; lastKnownFileType = sourcecode.swift; path = BaseTableViewController.swift; sourceTree = "<group>"; };
		376BE48019941ABB003B3131 /* WelcomeViewController.swift */ = {isa = PBXFileReference; fileEncoding = 4; lastKnownFileType = sourcecode.swift; path = WelcomeViewController.swift; sourceTree = "<group>"; };
		376BE48419941C3C003B3131 /* WelcomeTableViewHeaderView.swift */ = {isa = PBXFileReference; fileEncoding = 4; lastKnownFileType = sourcecode.swift; path = WelcomeTableViewHeaderView.swift; sourceTree = "<group>"; };
		376BE48619941E58003B3131 /* ObjC-Bridging-Header.h */ = {isa = PBXFileReference; lastKnownFileType = sourcecode.c.h; path = "ObjC-Bridging-Header.h"; sourceTree = "<group>"; };
		376BE488199420F2003B3131 /* ArrayDataSource.swift */ = {isa = PBXFileReference; fileEncoding = 4; lastKnownFileType = sourcecode.swift; path = ArrayDataSource.swift; sourceTree = "<group>"; };
		376BE48B19942A5A003B3131 /* UIColorExtension.swift */ = {isa = PBXFileReference; fileEncoding = 4; lastKnownFileType = sourcecode.swift; path = UIColorExtension.swift; sourceTree = "<group>"; };
		376BE48E1994A592003B3131 /* RegisterViewController.swift */ = {isa = PBXFileReference; fileEncoding = 4; lastKnownFileType = sourcecode.swift; path = RegisterViewController.swift; sourceTree = "<group>"; };
		37EF39B51995F2CE00210578 /* BaseTableViewCell.swift */ = {isa = PBXFileReference; fileEncoding = 4; lastKnownFileType = sourcecode.swift; path = BaseTableViewCell.swift; sourceTree = "<group>"; };
		37EF39B71995F41300210578 /* TextEntryCell.swift */ = {isa = PBXFileReference; fileEncoding = 4; lastKnownFileType = sourcecode.swift; path = TextEntryCell.swift; sourceTree = "<group>"; };
		37EF39B91997913F00210578 /* LoginViewController.swift */ = {isa = PBXFileReference; fileEncoding = 4; lastKnownFileType = sourcecode.swift; path = LoginViewController.swift; sourceTree = "<group>"; };
		985F6F7225F64F5EB92B2B6B /* Pods.xcconfig */ = {isa = PBXFileReference; includeInIndex = 1; lastKnownFileType = text.xcconfig; name = Pods.xcconfig; path = Pods/Pods.xcconfig; sourceTree = "<group>"; };
/* End PBXFileReference section */

/* Begin PBXFrameworksBuildPhase section */
		376BE44D199419A5003B3131 /* Frameworks */ = {
			isa = PBXFrameworksBuildPhase;
			buildActionMask = 2147483647;
			files = (
				09DFE11D304E4600BCABC6C9 /* libPods.a in Frameworks */,
			);
			runOnlyForDeploymentPostprocessing = 0;
		};
		376BE45F199419A6003B3131 /* Frameworks */ = {
			isa = PBXFrameworksBuildPhase;
			buildActionMask = 2147483647;
			files = (
			);
			runOnlyForDeploymentPostprocessing = 0;
		};
/* End PBXFrameworksBuildPhase section */

/* Begin PBXGroup section */
		376BE447199419A5003B3131 = {
			isa = PBXGroup;
			children = (
				376BE452199419A6003B3131 /* Pecan */,
				376BE465199419A6003B3131 /* PecanTests */,
				376BE451199419A6003B3131 /* Products */,
				985F6F7225F64F5EB92B2B6B /* Pods.xcconfig */,
				F32FC35C63554DE99312986A /* Frameworks */,
			);
			sourceTree = "<group>";
		};
		376BE451199419A6003B3131 /* Products */ = {
			isa = PBXGroup;
			children = (
				376BE450199419A6003B3131 /* Pecan.app */,
				376BE462199419A6003B3131 /* PecanTests.xctest */,
			);
			name = Products;
			sourceTree = "<group>";
		};
		376BE452199419A6003B3131 /* Pecan */ = {
			isa = PBXGroup;
			children = (
				376BE48A199429DF003B3131 /* Class Extensions */,
				376BE487199420DA003B3131 /* DataSource */,
				376BE47219941A3F003B3131 /* Assets */,
				376BE47419941A3F003B3131 /* Models */,
				376BE47519941A3F003B3131 /* ViewControllers */,
				376BE47719941A3F003B3131 /* Views */,
				376BE453199419A6003B3131 /* Supporting Files */,
				376BE48619941E58003B3131 /* ObjC-Bridging-Header.h */,
			);
			path = Pecan;
			sourceTree = "<group>";
		};
		376BE453199419A6003B3131 /* Supporting Files */ = {
			isa = PBXGroup;
			children = (
				376BE454199419A6003B3131 /* Info.plist */,
			);
			name = "Supporting Files";
			sourceTree = "<group>";
		};
		376BE465199419A6003B3131 /* PecanTests */ = {
			isa = PBXGroup;
			children = (
				376BE468199419A6003B3131 /* PecanTests.swift */,
				376BE466199419A6003B3131 /* Supporting Files */,
			);
			path = PecanTests;
			sourceTree = "<group>";
		};
		376BE466199419A6003B3131 /* Supporting Files */ = {
			isa = PBXGroup;
			children = (
				376BE467199419A6003B3131 /* Info.plist */,
			);
			name = "Supporting Files";
			sourceTree = "<group>";
		};
		376BE47219941A3F003B3131 /* Assets */ = {
			isa = PBXGroup;
			children = (
				376BE47319941A3F003B3131 /* Images.xcassets */,
			);
			name = Assets;
			path = Classes/Assets;
			sourceTree = "<group>";
		};
		376BE47419941A3F003B3131 /* Models */ = {
			isa = PBXGroup;
			children = (
			);
			name = Models;
			path = Classes/Models;
			sourceTree = "<group>";
		};
		376BE47519941A3F003B3131 /* ViewControllers */ = {
			isa = PBXGroup;
			children = (
				376BE47B19941A68003B3131 /* BaseViewControllers */,
				376BE48D1994A537003B3131 /* RegisterViewController */,
				376BE47A19941A4C003B3131 /* WelcomeViewController */,
				376BE47619941A3F003B3131 /* AppDelegate.swift */,
			);
			name = ViewControllers;
			path = Classes/ViewControllers;
			sourceTree = "<group>";
		};
		376BE47719941A3F003B3131 /* Views */ = {
			isa = PBXGroup;
			children = (
				37EF39B41995F29900210578 /* Table View Cells */,
				376BE48319941C15003B3131 /* Other */,
				376BE48219941C06003B3131 /* Controls */,
			);
			name = Views;
			path = Classes/Views;
			sourceTree = "<group>";
		};
		376BE47A19941A4C003B3131 /* WelcomeViewController */ = {
			isa = PBXGroup;
			children = (
				376BE48019941ABB003B3131 /* WelcomeViewController.swift */,
			);
			path = WelcomeViewController;
			sourceTree = "<group>";
		};
		376BE47B19941A68003B3131 /* BaseViewControllers */ = {
			isa = PBXGroup;
			children = (
				376BE47C19941A84003B3131 /* BaseViewController.swift */,
				376BE47E19941A96003B3131 /* BaseTableViewController.swift */,
			);
			path = BaseViewControllers;
			sourceTree = "<group>";
		};
		376BE48219941C06003B3131 /* Controls */ = {
			isa = PBXGroup;
			children = (
			);
			path = Controls;
			sourceTree = "<group>";
		};
		376BE48319941C15003B3131 /* Other */ = {
			isa = PBXGroup;
			children = (
				376BE48419941C3C003B3131 /* WelcomeTableViewHeaderView.swift */,
			);
			path = Other;
			sourceTree = "<group>";
		};
		376BE487199420DA003B3131 /* DataSource */ = {
			isa = PBXGroup;
			children = (
				376BE488199420F2003B3131 /* ArrayDataSource.swift */,
			);
			name = DataSource;
			path = Classes/DataSource;
			sourceTree = "<group>";
		};
		376BE48A199429DF003B3131 /* Class Extensions */ = {
			isa = PBXGroup;
			children = (
				376BE48B19942A5A003B3131 /* UIColorExtension.swift */,
			);
			name = "Class Extensions";
			path = "Classes/Class Extensions";
			sourceTree = "<group>";
		};
		376BE48D1994A537003B3131 /* RegisterViewController */ = {
			isa = PBXGroup;
			children = (
				376BE48E1994A592003B3131 /* RegisterViewController.swift */,
				37EF39B91997913F00210578 /* LoginViewController.swift */,
			);
			path = RegisterViewController;
			sourceTree = "<group>";
		};
		37EF39B41995F29900210578 /* Table View Cells */ = {
			isa = PBXGroup;
			children = (
				37EF39B51995F2CE00210578 /* BaseTableViewCell.swift */,
				37EF39B71995F41300210578 /* TextEntryCell.swift */,
			);
			name = "Table View Cells";
			path = TableViewCells;
			sourceTree = "<group>";
		};
		F32FC35C63554DE99312986A /* Frameworks */ = {
			isa = PBXGroup;
			children = (
				19EC04C4012745489B2314FB /* libPods.a */,
			);
			name = Frameworks;
			sourceTree = "<group>";
		};
/* End PBXGroup section */

/* Begin PBXNativeTarget section */
		376BE44F199419A5003B3131 /* Pecan */ = {
			isa = PBXNativeTarget;
			buildConfigurationList = 376BE46C199419A6003B3131 /* Build configuration list for PBXNativeTarget "Pecan" */;
			buildPhases = (
				B3427C29F729465CA70A4D85 /* Check Pods Manifest.lock */,
				376BE44C199419A5003B3131 /* Sources */,
				376BE44D199419A5003B3131 /* Frameworks */,
				376BE44E199419A5003B3131 /* Resources */,
				7955B03C261D425ABBF02260 /* Copy Pods Resources */,
			);
			buildRules = (
			);
			dependencies = (
			);
			name = Pecan;
			productName = Pecan;
			productReference = 376BE450199419A6003B3131 /* Pecan.app */;
			productType = "com.apple.product-type.application";
		};
		376BE461199419A6003B3131 /* PecanTests */ = {
			isa = PBXNativeTarget;
			buildConfigurationList = 376BE46F199419A6003B3131 /* Build configuration list for PBXNativeTarget "PecanTests" */;
			buildPhases = (
				376BE45E199419A6003B3131 /* Sources */,
				376BE45F199419A6003B3131 /* Frameworks */,
				376BE460199419A6003B3131 /* Resources */,
			);
			buildRules = (
			);
			dependencies = (
				376BE464199419A6003B3131 /* PBXTargetDependency */,
			);
			name = PecanTests;
			productName = PecanTests;
			productReference = 376BE462199419A6003B3131 /* PecanTests.xctest */;
			productType = "com.apple.product-type.bundle.unit-test";
		};
/* End PBXNativeTarget section */

/* Begin PBXProject section */
		376BE448199419A5003B3131 /* Project object */ = {
			isa = PBXProject;
			attributes = {
				LastUpgradeCheck = 0600;
				ORGANIZATIONNAME = "Dan Williams";
				TargetAttributes = {
					376BE44F199419A5003B3131 = {
						CreatedOnToolsVersion = 6.0;
					};
					376BE461199419A6003B3131 = {
						CreatedOnToolsVersion = 6.0;
						TestTargetID = 376BE44F199419A5003B3131;
					};
				};
			};
			buildConfigurationList = 376BE44B199419A5003B3131 /* Build configuration list for PBXProject "Pecan" */;
			compatibilityVersion = "Xcode 3.2";
			developmentRegion = English;
			hasScannedForEncodings = 0;
			knownRegions = (
				en,
				Base,
			);
			mainGroup = 376BE447199419A5003B3131;
			productRefGroup = 376BE451199419A6003B3131 /* Products */;
			projectDirPath = "";
			projectRoot = "";
			targets = (
				376BE44F199419A5003B3131 /* Pecan */,
				376BE461199419A6003B3131 /* PecanTests */,
			);
		};
/* End PBXProject section */

/* Begin PBXResourcesBuildPhase section */
		376BE44E199419A5003B3131 /* Resources */ = {
			isa = PBXResourcesBuildPhase;
			buildActionMask = 2147483647;
			files = (
				376BE47819941A3F003B3131 /* Images.xcassets in Resources */,
			);
			runOnlyForDeploymentPostprocessing = 0;
		};
		376BE460199419A6003B3131 /* Resources */ = {
			isa = PBXResourcesBuildPhase;
			buildActionMask = 2147483647;
			files = (
			);
			runOnlyForDeploymentPostprocessing = 0;
		};
/* End PBXResourcesBuildPhase section */

/* Begin PBXShellScriptBuildPhase section */
		7955B03C261D425ABBF02260 /* Copy Pods Resources */ = {
			isa = PBXShellScriptBuildPhase;
			buildActionMask = 2147483647;
			files = (
			);
			inputPaths = (
			);
			name = "Copy Pods Resources";
			outputPaths = (
			);
			runOnlyForDeploymentPostprocessing = 0;
			shellPath = /bin/sh;
			shellScript = "\"${SRCROOT}/Pods/Pods-resources.sh\"\n";
			showEnvVarsInLog = 0;
		};
		B3427C29F729465CA70A4D85 /* Check Pods Manifest.lock */ = {
			isa = PBXShellScriptBuildPhase;
			buildActionMask = 2147483647;
			files = (
			);
			inputPaths = (
			);
			name = "Check Pods Manifest.lock";
			outputPaths = (
			);
			runOnlyForDeploymentPostprocessing = 0;
			shellPath = /bin/sh;
			shellScript = "diff \"${PODS_ROOT}/../Podfile.lock\" \"${PODS_ROOT}/Manifest.lock\" > /dev/null\nif [[ $? != 0 ]] ; then\n    cat << EOM\nerror: The sandbox is not in sync with the Podfile.lock. Run 'pod install' or update your CocoaPods installation.\nEOM\n    exit 1\nfi\n";
			showEnvVarsInLog = 0;
		};
/* End PBXShellScriptBuildPhase section */

/* Begin PBXSourcesBuildPhase section */
		376BE44C199419A5003B3131 /* Sources */ = {
			isa = PBXSourcesBuildPhase;
			buildActionMask = 2147483647;
			files = (
				376BE47F19941A96003B3131 /* BaseTableViewController.swift in Sources */,
				37EF39B81995F41300210578 /* TextEntryCell.swift in Sources */,
				376BE48C19942A5A003B3131 /* UIColorExtension.swift in Sources */,
				376BE48119941ABB003B3131 /* WelcomeViewController.swift in Sources */,
				376BE48F1994A592003B3131 /* RegisterViewController.swift in Sources */,
				37EF39B61995F2CE00210578 /* BaseTableViewCell.swift in Sources */,
				376BE47919941A3F003B3131 /* AppDelegate.swift in Sources */,
				376BE48519941C3C003B3131 /* WelcomeTableViewHeaderView.swift in Sources */,
				376BE489199420F2003B3131 /* ArrayDataSource.swift in Sources */,
				376BE47D19941A84003B3131 /* BaseViewController.swift in Sources */,
				37EF39BA1997913F00210578 /* LoginViewController.swift in Sources */,
			);
			runOnlyForDeploymentPostprocessing = 0;
		};
		376BE45E199419A6003B3131 /* Sources */ = {
			isa = PBXSourcesBuildPhase;
			buildActionMask = 2147483647;
			files = (
				376BE469199419A6003B3131 /* PecanTests.swift in Sources */,
			);
			runOnlyForDeploymentPostprocessing = 0;
		};
/* End PBXSourcesBuildPhase section */

/* Begin PBXTargetDependency section */
		376BE464199419A6003B3131 /* PBXTargetDependency */ = {
			isa = PBXTargetDependency;
			target = 376BE44F199419A5003B3131 /* Pecan */;
			targetProxy = 376BE463199419A6003B3131 /* PBXContainerItemProxy */;
		};
/* End PBXTargetDependency section */

/* Begin XCBuildConfiguration section */
		376BE46A199419A6003B3131 /* Debug */ = {
			isa = XCBuildConfiguration;
			buildSettings = {
				ALWAYS_SEARCH_USER_PATHS = NO;
				CLANG_CXX_LANGUAGE_STANDARD = "gnu++0x";
				CLANG_CXX_LIBRARY = "libc++";
				CLANG_ENABLE_MODULES = YES;
				CLANG_ENABLE_OBJC_ARC = YES;
				CLANG_WARN_BOOL_CONVERSION = YES;
				CLANG_WARN_CONSTANT_CONVERSION = YES;
				CLANG_WARN_DIRECT_OBJC_ISA_USAGE = YES_ERROR;
				CLANG_WARN_EMPTY_BODY = YES;
				CLANG_WARN_ENUM_CONVERSION = YES;
				CLANG_WARN_INT_CONVERSION = YES;
				CLANG_WARN_OBJC_ROOT_CLASS = YES_ERROR;
				CLANG_WARN_UNREACHABLE_CODE = YES;
				CLANG_WARN__DUPLICATE_METHOD_MATCH = YES;
				"CODE_SIGN_IDENTITY[sdk=iphoneos*]" = "iPhone Developer";
				COPY_PHASE_STRIP = NO;
				ENABLE_STRICT_OBJC_MSGSEND = YES;
				GCC_C_LANGUAGE_STANDARD = gnu99;
				GCC_DYNAMIC_NO_PIC = NO;
				GCC_OPTIMIZATION_LEVEL = 0;
				GCC_PREPROCESSOR_DEFINITIONS = (
					"DEBUG=1",
					"$(inherited)",
				);
				GCC_SYMBOLS_PRIVATE_EXTERN = NO;
				GCC_WARN_64_TO_32_BIT_CONVERSION = YES;
				GCC_WARN_ABOUT_RETURN_TYPE = YES_ERROR;
				GCC_WARN_UNDECLARED_SELECTOR = YES;
				GCC_WARN_UNINITIALIZED_AUTOS = YES_AGGRESSIVE;
				GCC_WARN_UNUSED_FUNCTION = YES;
				GCC_WARN_UNUSED_VARIABLE = YES;
				IPHONEOS_DEPLOYMENT_TARGET = 8.0;
				MTL_ENABLE_DEBUG_INFO = YES;
				ONLY_ACTIVE_ARCH = YES;
				SDKROOT = iphoneos;
				SWIFT_OPTIMIZATION_LEVEL = "-Onone";
			};
			name = Debug;
		};
		376BE46B199419A6003B3131 /* Release */ = {
			isa = XCBuildConfiguration;
			buildSettings = {
				ALWAYS_SEARCH_USER_PATHS = NO;
				CLANG_CXX_LANGUAGE_STANDARD = "gnu++0x";
				CLANG_CXX_LIBRARY = "libc++";
				CLANG_ENABLE_MODULES = YES;
				CLANG_ENABLE_OBJC_ARC = YES;
				CLANG_WARN_BOOL_CONVERSION = YES;
				CLANG_WARN_CONSTANT_CONVERSION = YES;
				CLANG_WARN_DIRECT_OBJC_ISA_USAGE = YES_ERROR;
				CLANG_WARN_EMPTY_BODY = YES;
				CLANG_WARN_ENUM_CONVERSION = YES;
				CLANG_WARN_INT_CONVERSION = YES;
				CLANG_WARN_OBJC_ROOT_CLASS = YES_ERROR;
				CLANG_WARN_UNREACHABLE_CODE = YES;
				CLANG_WARN__DUPLICATE_METHOD_MATCH = YES;
				"CODE_SIGN_IDENTITY[sdk=iphoneos*]" = "iPhone Developer";
				COPY_PHASE_STRIP = YES;
				ENABLE_NS_ASSERTIONS = NO;
				ENABLE_STRICT_OBJC_MSGSEND = YES;
				GCC_C_LANGUAGE_STANDARD = gnu99;
				GCC_WARN_64_TO_32_BIT_CONVERSION = YES;
				GCC_WARN_ABOUT_RETURN_TYPE = YES_ERROR;
				GCC_WARN_UNDECLARED_SELECTOR = YES;
				GCC_WARN_UNINITIALIZED_AUTOS = YES_AGGRESSIVE;
				GCC_WARN_UNUSED_FUNCTION = YES;
				GCC_WARN_UNUSED_VARIABLE = YES;
				IPHONEOS_DEPLOYMENT_TARGET = 8.0;
				MTL_ENABLE_DEBUG_INFO = NO;
				SDKROOT = iphoneos;
				VALIDATE_PRODUCT = YES;
			};
			name = Release;
		};
		376BE46D199419A6003B3131 /* Debug */ = {
			isa = XCBuildConfiguration;
			baseConfigurationReference = 985F6F7225F64F5EB92B2B6B /* Pods.xcconfig */;
			buildSettings = {
				ASSETCATALOG_COMPILER_APPICON_NAME = AppIcon;
				ASSETCATALOG_COMPILER_LAUNCHIMAGE_NAME = LaunchImage;
				INFOPLIST_FILE = Pecan/Info.plist;
				LD_RUNPATH_SEARCH_PATHS = "$(inherited) @executable_path/Frameworks";
				PRODUCT_NAME = "$(TARGET_NAME)";
				SWIFT_OBJC_BRIDGING_HEADER = "Pecan/ObjC-Bridging-Header.h";
				TARGETED_DEVICE_FAMILY = "1,2";
			};
			name = Debug;
		};
		376BE46E199419A6003B3131 /* Release */ = {
			isa = XCBuildConfiguration;
			baseConfigurationReference = 985F6F7225F64F5EB92B2B6B /* Pods.xcconfig */;
			buildSettings = {
				ASSETCATALOG_COMPILER_APPICON_NAME = AppIcon;
				ASSETCATALOG_COMPILER_LAUNCHIMAGE_NAME = LaunchImage;
				INFOPLIST_FILE = Pecan/Info.plist;
				LD_RUNPATH_SEARCH_PATHS = "$(inherited) @executable_path/Frameworks";
				PRODUCT_NAME = "$(TARGET_NAME)";
				SWIFT_OBJC_BRIDGING_HEADER = "Pecan/ObjC-Bridging-Header.h";
				TARGETED_DEVICE_FAMILY = "1,2";
			};
			name = Release;
		};
		376BE470199419A6003B3131 /* Debug */ = {
			isa = XCBuildConfiguration;
			buildSettings = {
				BUNDLE_LOADER = "$(TEST_HOST)";
				FRAMEWORK_SEARCH_PATHS = (
					"$(SDKROOT)/Developer/Library/Frameworks",
					"$(inherited)",
				);
				GCC_PREPROCESSOR_DEFINITIONS = (
					"DEBUG=1",
					"$(inherited)",
				);
				INFOPLIST_FILE = PecanTests/Info.plist;
				LD_RUNPATH_SEARCH_PATHS = "$(inherited) @executable_path/Frameworks @loader_path/Frameworks";
				PRODUCT_NAME = "$(TARGET_NAME)";
				TEST_HOST = "$(BUILT_PRODUCTS_DIR)/Pecan.app/Pecan";
			};
			name = Debug;
		};
		376BE471199419A6003B3131 /* Release */ = {
			isa = XCBuildConfiguration;
			buildSettings = {
				BUNDLE_LOADER = "$(TEST_HOST)";
				FRAMEWORK_SEARCH_PATHS = (
					"$(SDKROOT)/Developer/Library/Frameworks",
					"$(inherited)",
				);
				INFOPLIST_FILE = PecanTests/Info.plist;
				LD_RUNPATH_SEARCH_PATHS = "$(inherited) @executable_path/Frameworks @loader_path/Frameworks";
				PRODUCT_NAME = "$(TARGET_NAME)";
				TEST_HOST = "$(BUILT_PRODUCTS_DIR)/Pecan.app/Pecan";
			};
			name = Release;
		};
/* End XCBuildConfiguration section */

/* Begin XCConfigurationList section */
		376BE44B199419A5003B3131 /* Build configuration list for PBXProject "Pecan" */ = {
			isa = XCConfigurationList;
			buildConfigurations = (
				376BE46A199419A6003B3131 /* Debug */,
				376BE46B199419A6003B3131 /* Release */,
			);
			defaultConfigurationIsVisible = 0;
			defaultConfigurationName = Release;
		};
		376BE46C199419A6003B3131 /* Build configuration list for PBXNativeTarget "Pecan" */ = {
			isa = XCConfigurationList;
			buildConfigurations = (
				376BE46D199419A6003B3131 /* Debug */,
				376BE46E199419A6003B3131 /* Release */,
			);
			defaultConfigurationIsVisible = 0;
			defaultConfigurationName = Release;
		};
		376BE46F199419A6003B3131 /* Build configuration list for PBXNativeTarget "PecanTests" */ = {
			isa = XCConfigurationList;
			buildConfigurations = (
				376BE470199419A6003B3131 /* Debug */,
				376BE471199419A6003B3131 /* Release */,
			);
			defaultConfigurationIsVisible = 0;
			defaultConfigurationName = Release;
		};
/* End XCConfigurationList section */
	};
	rootObject = 376BE448199419A5003B3131 /* Project object */;
}
